
Microsoft Visual Studio Solution File, Format Version 12.00
# Visual Studio Version 17
VisualStudioVersion = 17.10.35013.160
MinimumVisualStudioVersion = 10.0.40219.1
Project("{FAE04EC0-301F-11D3-BF4B-00C04F79EFBC}") = "search_app", "search_app\search_app.csproj", "{2F41A64A-98E3-4CFB-85BA-44DE9F11839F}"
EndProject
Global
	GlobalSection(SolutionConfigurationPlatforms) = preSolution
		Debug|Any CPU = Debug|Any CPU
		Release|Any CPU = Release|Any CPU
	EndGlobalSection
	GlobalSection(ProjectConfigurationPlatforms) = postSolution
		{2F41A64A-98E3-4CFB-85BA-44DE9F11839F}.Debug|Any CPU.ActiveCfg = Debug|Any CPU
		{2F41A64A-98E3-4CFB-85BA-44DE9F11839F}.Debug|Any CPU.Build.0 = Debug|Any CPU
		{2F41A64A-98E3-4CFB-85BA-44DE9F11839F}.Release|Any CPU.ActiveCfg = Release|Any CPU
		{2F41A64A-98E3-4CFB-85BA-44DE9F11839F}.Release|Any CPU.Build.0 = Release|Any CPU
	EndGlobalSection
	GlobalSection(SolutionProperties) = preSolution
		HideSolutionNode = FALSE
	EndGlobalSection
	GlobalSection(ExtensibilityGlobals) = postSolution
		SolutionGuid = {9FB120C3-0C10-4EA3-AABD-00B234CEA418}
	EndGlobalSection
EndGlobal
